
Microsoft Visual Studio Solution File, Format Version 12.00
# Visual Studio Version 16
VisualStudioVersion = 16.0.29613.14
MinimumVisualStudioVersion = 10.0.40219.1
Project("{FAE04EC0-301F-11D3-BF4B-00C04F79EFBC}") = "ManyMoreFixes", "ManyMoreFixes\ManyMoreFixes.csproj", "{F7DE36E1-2ACB-4F43-9E3E-B76939B59CCA}"
EndProject
Global
	GlobalSection(SolutionConfigurationPlatforms) = preSolution
		Debug|Any CPU = Debug|Any CPU
		Release|Any CPU = Release|Any CPU
	EndGlobalSection
	GlobalSection(ProjectConfigurationPlatforms) = postSolution
		{F7DE36E1-2ACB-4F43-9E3E-B76939B59CCA}.Debug|Any CPU.ActiveCfg = Debug|Any CPU
		{F7DE36E1-2ACB-4F43-9E3E-B76939B59CCA}.Debug|Any CPU.Build.0 = Debug|Any CPU
		{F7DE36E1-2ACB-4F43-9E3E-B76939B59CCA}.Release|Any CPU.ActiveCfg = Release|Any CPU
		{F7DE36E1-2ACB-4F43-9E3E-B76939B59CCA}.Release|Any CPU.Build.0 = Release|Any CPU
	EndGlobalSection
	GlobalSection(SolutionProperties) = preSolution
		HideSolutionNode = FALSE
	EndGlobalSection
	GlobalSection(ExtensibilityGlobals) = postSolution
		SolutionGuid = {B723AEA0-E904-4E3B-BFF1-2448A1F6C201}
	EndGlobalSection
EndGlobal
